dependencies:
- name: kube-state-metrics
  repository: file://../kube-state-metrics
  version: "4.13.0"
- name: prometheus-node-exporter
  repository: file://../prometheus-node-exporter
  version: "3.3.0"
- name: grafana
  repository: file://../grafana-helm-charts/charts/grafana
  version: "6.32.3"
digest: sha256:244451a8d99073f3513d2c861f0f308a41098e52325f4418c6541079134d9907
generated: "2022-07-01T11:27:30.445127301-04:00"
